// !$*UTF8*$!
{
	archiveVersion = 1;
	classes = {
	};
	objectVersion = 50;
	objects = {

/* Begin PBXBuildFile section */
		74DABC1721352FF000A29C72 /* AppDelegate.swift in Sources */ = {isa = PBXBuildFile; fileRef = 74DABC1621352FF000A29C72 /* AppDelegate.swift */; };
		74DABC1921352FF000A29C72 /* ViewController.swift in Sources */ = {isa = PBXBuildFile; fileRef = 74DABC1821352FF000A29C72 /* ViewController.swift */; };
		74DABC1C21352FF000A29C72 /* Main.storyboard in Resources */ = {isa = PBXBuildFile; fileRef = 74DABC1A21352FF000A29C72 /* Main.storyboard */; };
		74DABC1E21352FF200A29C72 /* Assets.xcassets in Resources */ = {isa = PBXBuildFile; fileRef = 74DABC1D21352FF200A29C72 /* Assets.xcassets */; };
		74DABC2121352FF200A29C72 /* LaunchScreen.storyboard in Resources */ = {isa = PBXBuildFile; fileRef = 74DABC1F21352FF200A29C72 /* LaunchScreen.storyboard */; };
		74DABC2C21352FF200A29C72 /* ChartTests.swift in Sources */ = {isa = PBXBuildFile; fileRef = 74DABC2B21352FF200A29C72 /* ChartTests.swift */; };
		74DABC3721352FF200A29C72 /* ChartUITests.swift in Sources */ = {isa = PBXBuildFile; fileRef = 74DABC3621352FF200A29C72 /* ChartUITests.swift */; };
		74DABC4521352FFF00A29C72 /* ChartBar.swift in Sources */ = {isa = PBXBuildFile; fileRef = 74DABC4421352FFF00A29C72 /* ChartBar.swift */; };
/* End PBXBuildFile section */

/* Begin PBXContainerItemProxy section */
		74DABC2821352FF200A29C72 /* PBXContainerItemProxy */ = {
			isa = PBXContainerItemProxy;
			containerPortal = 74DABC0B21352FF000A29C72 /* Project object */;
			proxyType = 1;
			remoteGlobalIDString = 74DABC1221352FF000A29C72;
			remoteInfo = Chart;
		};
		74DABC3321352FF200A29C72 /* PBXContainerItemProxy */ = {
			isa = PBXContainerItemProxy;
			containerPortal = 74DABC0B21352FF000A29C72 /* Project object */;
			proxyType = 1;
			remoteGlobalIDString = 74DABC1221352FF000A29C72;
			remoteInfo = Chart;
		};
/* End PBXContainerItemProxy section */

/* Begin PBXFileReference section */
		74DABC1321352FF000A29C72 /* Chart.app */ = {isa = PBXFileReference; explicitFileType = wrapper.application; includeInIndex = 0; path = Chart.app; sourceTree = BUILT_PRODUCTS_DIR; };
		74DABC1621352FF000A29C72 /* AppDelegate.swift */ = {isa = PBXFileReference; lastKnownFileType = sourcecode.swift; path = AppDelegate.swift; sourceTree = "<group>"; };
		74DABC1821352FF000A29C72 /* ViewController.swift */ = {isa = PBXFileReference; lastKnownFileType = sourcecode.swift; path = ViewController.swift; sourceTree = "<group>"; };
		74DABC1B21352FF000A29C72 /* Base */ = {isa = PBXFileReference; lastKnownFileType = file.storyboard; name = Base; path = Base.lproj/Main.storyboard; sourceTree = "<group>"; };
		74DABC1D21352FF200A29C72 /* Assets.xcassets */ = {isa = PBXFileReference; lastKnownFileType = folder.assetcatalog; path = Assets.xcassets; sourceTree = "<group>"; };
		74DABC2021352FF200A29C72 /* Base */ = {isa = PBXFileReference; lastKnownFileType = file.storyboard; name = Base; path = Base.lproj/LaunchScreen.storyboard; sourceTree = "<group>"; };
		74DABC2221352FF200A29C72 /* Info.plist */ = {isa = PBXFileReference; lastKnownFileType = text.plist.xml; path = Info.plist; sourceTree = "<group>"; };
		74DABC2721352FF200A29C72 /* ChartTests.xctest */ = {isa = PBXFileReference; explicitFileType = wrapper.cfbundle; includeInIndex = 0; path = ChartTests.xctest; sourceTree = BUILT_PRODUCTS_DIR; };
		74DABC2B21352FF200A29C72 /* ChartTests.swift */ = {isa = PBXFileReference; lastKnownFileType = sourcecode.swift; path = ChartTests.swift; sourceTree = "<group>"; };
		74DABC2D21352FF200A29C72 /* Info.plist */ = {isa = PBXFileReference; lastKnownFileType = text.plist.xml; path = Info.plist; sourceTree = "<group>"; };
		74DABC3221352FF200A29C72 /* ChartUITests.xctest */ = {isa = PBXFileReference; explicitFileType = wrapper.cfbundle; includeInIndex = 0; path = ChartUITests.xctest; sourceTree = BUILT_PRODUCTS_DIR; };
		74DABC3621352FF200A29C72 /* ChartUITests.swift */ = {isa = PBXFileReference; lastKnownFileType = sourcecode.swift; path = ChartUITests.swift; sourceTree = "<group>"; };
		74DABC3821352FF200A29C72 /* Info.plist */ = {isa = PBXFileReference; lastKnownFileType = text.plist.xml; path = Info.plist; sourceTree = "<group>"; };
		74DABC4421352FFF00A29C72 /* ChartBar.swift */ = {isa = PBXFileReference; lastKnownFileType = sourcecode.swift; path = ChartBar.swift; sourceTree = "<group>"; };
/* End PBXFileReference section */

/* Begin PBXFrameworksBuildPhase section */
		74DABC1021352FF000A29C72 /* Frameworks */ = {
			isa = PBXFrameworksBuildPhase;
			buildActionMask = 2147483647;
			files = (
			);
			runOnlyForDeploymentPostprocessing = 0;
		};
		74DABC2421352FF200A29C72 /* Frameworks */ = {
			isa = PBXFrameworksBuildPhase;
			buildActionMask = 2147483647;
			files = (
			);
			runOnlyForDeploymentPostprocessing = 0;
		};
		74DABC2F21352FF200A29C72 /* Frameworks */ = {
			isa = PBXFrameworksBuildPhase;
			buildActionMask = 2147483647;
			files = (
			);
			runOnlyForDeploymentPostprocessing = 0;
		};
/* End PBXFrameworksBuildPhase section */

/* Begin PBXGroup section */
		74DABC0A21352FF000A29C72 = {
			isa = PBXGroup;
			children = (
				74DABC1521352FF000A29C72 /* Chart */,
				74DABC2A21352FF200A29C72 /* ChartTests */,
				74DABC3521352FF200A29C72 /* ChartUITests */,
				74DABC1421352FF000A29C72 /* Products */,
			);
			sourceTree = "<group>";
		};
		74DABC1421352FF000A29C72 /* Products */ = {
			isa = PBXGroup;
			children = (
				74DABC1321352FF000A29C72 /* Chart.app */,
				74DABC2721352FF200A29C72 /* ChartTests.xctest */,
				74DABC3221352FF200A29C72 /* ChartUITests.xctest */,
			);
			name = Products;
			sourceTree = "<group>";
		};
		74DABC1521352FF000A29C72 /* Chart */ = {
			isa = PBXGroup;
			children = (
				74DABC4421352FFF00A29C72 /* ChartBar.swift */,
				74DABC1621352FF000A29C72 /* AppDelegate.swift */,
				74DABC1821352FF000A29C72 /* ViewController.swift */,
				74DABC1A21352FF000A29C72 /* Main.storyboard */,
				74DABC1D21352FF200A29C72 /* Assets.xcassets */,
				74DABC1F21352FF200A29C72 /* LaunchScreen.storyboard */,
				74DABC2221352FF200A29C72 /* Info.plist */,
			);
			path = Chart;
			sourceTree = "<group>";
		};
		74DABC2A21352FF200A29C72 /* ChartTests */ = {
			isa = PBXGroup;
			children = (
				74DABC2B21352FF200A29C72 /* ChartTests.swift */,
				74DABC2D21352FF200A29C72 /* Info.plist */,
			);
			path = ChartTests;
			sourceTree = "<group>";
		};
		74DABC3521352FF200A29C72 /* ChartUITests */ = {
			isa = PBXGroup;
			children = (
				74DABC3621352FF200A29C72 /* ChartUITests.swift */,
				74DABC3821352FF200A29C72 /* Info.plist */,
			);
			path = ChartUITests;
			sourceTree = "<group>";
		};
/* End PBXGroup section */

/* Begin PBXNativeTarget section */
		74DABC1221352FF000A29C72 /* Chart */ = {
			isa = PBXNativeTarget;
			buildConfigurationList = 74DABC3B21352FF200A29C72 /* Build configuration list for PBXNativeTarget "Chart" */;
			buildPhases = (
				74DABC0F21352FF000A29C72 /* Sources */,
				74DABC1021352FF000A29C72 /* Frameworks */,
				74DABC1121352FF000A29C72 /* Resources */,
			);
			buildRules = (
			);
			dependencies = (
			);
			name = Chart;
			productName = Chart;
			productReference = 74DABC1321352FF000A29C72 /* Chart.app */;
			productType = "com.apple.product-type.application";
		};
		74DABC2621352FF200A29C72 /* ChartTests */ = {
			isa = PBXNativeTarget;
			buildConfigurationList = 74DABC3E21352FF200A29C72 /* Build configuration list for PBXNativeTarget "ChartTests" */;
			buildPhases = (
				74DABC2321352FF200A29C72 /* Sources */,
				74DABC2421352FF200A29C72 /* Frameworks */,
				74DABC2521352FF200A29C72 /* Resources */,
			);
			buildRules = (
			);
			dependencies = (
				74DABC2921352FF200A29C72 /* PBXTargetDependency */,
			);
			name = ChartTests;
			productName = ChartTests;
			productReference = 74DABC2721352FF200A29C72 /* ChartTests.xctest */;
			productType = "com.apple.product-type.bundle.unit-test";
		};
		74DABC3121352FF200A29C72 /* ChartUITests */ = {
			isa = PBXNativeTarget;
			buildConfigurationList = 74DABC4121352FF200A29C72 /* Build configuration list for PBXNativeTarget "ChartUITests" */;
			buildPhases = (
				74DABC2E21352FF200A29C72 /* Sources */,
				74DABC2F21352FF200A29C72 /* Frameworks */,
				74DABC3021352FF200A29C72 /* Resources */,
			);
			buildRules = (
			);
			dependencies = (
				74DABC3421352FF200A29C72 /* PBXTargetDependency */,
			);
			name = ChartUITests;
			productName = ChartUITests;
			productReference = 74DABC3221352FF200A29C72 /* ChartUITests.xctest */;
			productType = "com.apple.product-type.bundle.ui-testing";
		};
/* End PBXNativeTarget section */

/* Begin PBXProject section */
		74DABC0B21352FF000A29C72 /* Project object */ = {
			isa = PBXProject;
			attributes = {
				LastSwiftUpdateCheck = 0940;
				LastUpgradeCheck = 0940;
				ORGANIZATIONNAME = Witchcraft30;
				TargetAttributes = {
					74DABC1221352FF000A29C72 = {
						CreatedOnToolsVersion = 9.4.1;
					};
					74DABC2621352FF200A29C72 = {
						CreatedOnToolsVersion = 9.4.1;
						TestTargetID = 74DABC1221352FF000A29C72;
					};
					74DABC3121352FF200A29C72 = {
						CreatedOnToolsVersion = 9.4.1;
						TestTargetID = 74DABC1221352FF000A29C72;
					};
				};
			};
			buildConfigurationList = 74DABC0E21352FF000A29C72 /* Build configuration list for PBXProject "Chart" */;
			compatibilityVersion = "Xcode 9.3";
			developmentRegion = en;
			hasScannedForEncodings = 0;
			knownRegions = (
				en,
				Base,
			);
			mainGroup = 74DABC0A21352FF000A29C72;
			productRefGroup = 74DABC1421352FF000A29C72 /* Products */;
			projectDirPath = "";
			projectRoot = "";
			targets = (
				74DABC1221352FF000A29C72 /* Chart */,
				74DABC2621352FF200A29C72 /* ChartTests */,
				74DABC3121352FF200A29C72 /* ChartUITests */,
			);
		};
/* End PBXProject section */

/* Begin PBXResourcesBuildPhase section */
		74DABC1121352FF000A29C72 /* Resources */ = {
			isa = PBXResourcesBuildPhase;
			buildActionMask = 2147483647;
			files = (
				74DABC2121352FF200A29C72 /* LaunchScreen.storyboard in Resources */,
				74DABC1E21352FF200A29C72 /* Assets.xcassets in Resources */,
				74DABC1C21352FF000A29C72 /* Main.storyboard in Resources */,
			);
			runOnlyForDeploymentPostprocessing = 0;
		};
		74DABC2521352FF200A29C72 /* Resources */ = {
			isa = PBXResourcesBuildPhase;
			buildActionMask = 2147483647;
			files = (
			);
			runOnlyForDeploymentPostprocessing = 0;
		};
		74DABC3021352FF200A29C72 /* Resources */ = {
			isa = PBXResourcesBuildPhase;
			buildActionMask = 2147483647;
			files = (
			);
			runOnlyForDeploymentPostprocessing = 0;
		};
/* End PBXResourcesBuildPhase section */

/* Begin PBXSourcesBuildPhase section */
		74DABC0F21352FF000A29C72 /* Sources */ = {
			isa = PBXSourcesBuildPhase;
			buildActionMask = 2147483647;
			files = (
				74DABC1921352FF000A29C72 /* ViewController.swift in Sources */,
				74DABC1721352FF000A29C72 /* AppDelegate.swift in Sources */,
				74DABC4521352FFF00A29C72 /* ChartBar.swift in Sources */,
			);
			runOnlyForDeploymentPostprocessing = 0;
		};
		74DABC2321352FF200A29C72 /* Sources */ = {
			isa = PBXSourcesBuildPhase;
			buildActionMask = 2147483647;
			files = (
				74DABC2C21352FF200A29C72 /* ChartTests.swift in Sources */,
			);
			runOnlyForDeploymentPostprocessing = 0;
		};
		74DABC2E21352FF200A29C72 /* Sources */ = {
			isa = PBXSourcesBuildPhase;
			buildActionMask = 2147483647;
			files = (
				74DABC3721352FF200A29C72 /* ChartUITests.swift in Sources */,
			);
			runOnlyForDeploymentPostprocessing = 0;
		};
/* End PBXSourcesBuildPhase section */

/* Begin PBXTargetDependency section */
		74DABC2921352FF200A29C72 /* PBXTargetDependency */ = {
			isa = PBXTargetDependency;
			target = 74DABC1221352FF000A29C72 /* Chart */;
			targetProxy = 74DABC2821352FF200A29C72 /* PBXContainerItemProxy */;
		};
		74DABC3421352FF200A29C72 /* PBXTargetDependency */ = {
			isa = PBXTargetDependency;
			target = 74DABC1221352FF000A29C72 /* Chart */;
			targetProxy = 74DABC3321352FF200A29C72 /* PBXContainerItemProxy */;
		};
/* End PBXTargetDependency section */

/* Begin PBXVariantGroup section */
		74DABC1A21352FF000A29C72 /* Main.storyboard */ = {
			isa = PBXVariantGroup;
			children = (
				74DABC1B21352FF000A29C72 /* Base */,
			);
			name = Main.storyboard;
			sourceTree = "<group>";
		};
		74DABC1F21352FF200A29C72 /* LaunchScreen.storyboard */ = {
			isa = PBXVariantGroup;
			children = (
				74DABC2021352FF200A29C72 /* Base */,
			);
			name = LaunchScreen.storyboard;
			sourceTree = "<group>";
		};
/* End PBXVariantGroup section */

/* Begin XCBuildConfiguration section */
		74DABC3921352FF200A29C72 /* Debug */ = {
			isa = XCBuildConfiguration;
			buildSettings = {
				ALWAYS_SEARCH_USER_PATHS = NO;
				CLANG_ANALYZER_NONNULL = YES;
				CLANG_ANALYZER_NUMBER_OBJECT_CONVERSION = YES_AGGRESSIVE;
				CLANG_CXX_LANGUAGE_STANDARD = "gnu++14";
				CLANG_CXX_LIBRARY = "libc++";
				CLANG_ENABLE_MODULES = YES;
				CLANG_ENABLE_OBJC_ARC = YES;
				CLANG_ENABLE_OBJC_WEAK = YES;
				CLANG_WARN_BLOCK_CAPTURE_AUTORELEASING = YES;
				CLANG_WARN_BOOL_CONVERSION = YES;
				CLANG_WARN_COMMA = YES;
				CLANG_WARN_CONSTANT_CONVERSION = YES;
				CLANG_WARN_DEPRECATED_OBJC_IMPLEMENTATIONS = YES;
				CLANG_WARN_DIRECT_OBJC_ISA_USAGE = YES_ERROR;
				CLANG_WARN_DOCUMENTATION_COMMENTS = YES;
				CLANG_WARN_EMPTY_BODY = YES;
				CLANG_WARN_ENUM_CONVERSION = YES;
				CLANG_WARN_INFINITE_RECURSION = YES;
				CLANG_WARN_INT_CONVERSION = YES;
				CLANG_WARN_NON_LITERAL_NULL_CONVERSION = YES;
				CLANG_WARN_OBJC_IMPLICIT_RETAIN_SELF = YES;
				CLANG_WARN_OBJC_LITERAL_CONVERSION = YES;
				CLANG_WARN_OBJC_ROOT_CLASS = YES_ERROR;
				CLANG_WARN_RANGE_LOOP_ANALYSIS = YES;
				CLANG_WARN_STRICT_PROTOTYPES = YES;
				CLANG_WARN_SUSPICIOUS_MOVE = YES;
				CLANG_WARN_UNGUARDED_AVAILABILITY = YES_AGGRESSIVE;
				CLANG_WARN_UNREACHABLE_CODE = YES;
				CLANG_WARN__DUPLICATE_METHOD_MATCH = YES;
				CODE_SIGN_IDENTITY = "iPhone Developer";
				COPY_PHASE_STRIP = NO;
				DEBUG_INFORMATION_FORMAT = dwarf;
				ENABLE_STRICT_OBJC_MSGSEND = YES;
				ENABLE_TESTABILITY = YES;
				GCC_C_LANGUAGE_STANDARD = gnu11;
				GCC_DYNAMIC_NO_PIC = NO;
				GCC_NO_COMMON_BLOCKS = YES;
				GCC_OPTIMIZATION_LEVEL = 0;
				GCC_PREPROCESSOR_DEFINITIONS = (
					"DEBUG=1",
					"$(inherited)",
				);
				GCC_WARN_64_TO_32_BIT_CONVERSION = YES;
				GCC_WARN_ABOUT_RETURN_TYPE = YES_ERROR;
				GCC_WARN_UNDECLARED_SELECTOR = YES;
				GCC_WARN_UNINITIALIZED_AUTOS = YES_AGGRESSIVE;
				GCC_WARN_UNUSED_FUNCTION = YES;
				GCC_WARN_UNUSED_VARIABLE = YES;
				IPHONEOS_DEPLOYMENT_TARGET = 11.4;
				MTL_ENABLE_DEBUG_INFO = YES;
				ONLY_ACTIVE_ARCH = YES;
				SDKROOT = iphoneos;
				SWIFT_ACTIVE_COMPILATION_CONDITIONS = DEBUG;
				SWIFT_OPTIMIZATION_LEVEL = "-Onone";
			};
			name = Debug;
		};
		74DABC3A21352FF200A29C72 /* Release */ = {
			isa = XCBuildConfiguration;
			buildSettings = {
				ALWAYS_SEARCH_USER_PATHS = NO;
				CLANG_ANALYZER_NONNULL = YES;
				CLANG_ANALYZER_NUMBER_OBJECT_CONVERSION = YES_AGGRESSIVE;
				CLANG_CXX_LANGUAGE_STANDARD = "gnu++14";
				CLANG_CXX_LIBRARY = "libc++";
				CLANG_ENABLE_MODULES = YES;
				CLANG_ENABLE_OBJC_ARC = YES;
				CLANG_ENABLE_OBJC_WEAK = YES;
				CLANG_WARN_BLOCK_CAPTURE_AUTORELEASING = YES;
				CLANG_WARN_BOOL_CONVERSION = YES;
				CLANG_WARN_COMMA = YES;
				CLANG_WARN_CONSTANT_CONVERSION = YES;
				CLANG_WARN_DEPRECATED_OBJC_IMPLEMENTATIONS = YES;
				CLANG_WARN_DIRECT_OBJC_ISA_USAGE = YES_ERROR;
				CLANG_WARN_DOCUMENTATION_COMMENTS = YES;
				CLANG_WARN_EMPTY_BODY = YES;
				CLANG_WARN_ENUM_CONVERSION = YES;
				CLANG_WARN_INFINITE_RECURSION = YES;
				CLANG_WARN_INT_CONVERSION = YES;
				CLANG_WARN_NON_LITERAL_NULL_CONVERSION = YES;
				CLANG_WARN_OBJC_IMPLICIT_RETAIN_SELF = YES;
				CLANG_WARN_OBJC_LITERAL_CONVERSION = YES;
				CLANG_WARN_OBJC_ROOT_CLASS = YES_ERROR;
				CLANG_WARN_RANGE_LOOP_ANALYSIS = YES;
				CLANG_WARN_STRICT_PROTOTYPES = YES;
				CLANG_WARN_SUSPICIOUS_MOVE = YES;
				CLANG_WARN_UNGUARDED_AVAILABILITY = YES_AGGRESSIVE;
				CLANG_WARN_UNREACHABLE_CODE = YES;
				CLANG_WARN__DUPLICATE_METHOD_MATCH = YES;
				CODE_SIGN_IDENTITY = "iPhone Developer";
				COPY_PHASE_STRIP = NO;
				DEBUG_INFORMATION_FORMAT = "dwarf-with-dsym";
				ENABLE_NS_ASSERTIONS = NO;
				ENABLE_STRICT_OBJC_MSGSEND = YES;
				GCC_C_LANGUAGE_STANDARD = gnu11;
				GCC_NO_COMMON_BLOCKS = YES;
				GCC_WARN_64_TO_32_BIT_CONVERSION = YES;
				GCC_WARN_ABOUT_RETURN_TYPE = YES_ERROR;
				GCC_WARN_UNDECLARED_SELECTOR = YES;
				GCC_WARN_UNINITIALIZED_AUTOS = YES_AGGRESSIVE;
				GCC_WARN_UNUSED_FUNCTION = YES;
				GCC_WARN_UNUSED_VARIABLE = YES;
				IPHONEOS_DEPLOYMENT_TARGET = 11.4;
				MTL_ENABLE_DEBUG_INFO = NO;
				SDKROOT = iphoneos;
				SWIFT_COMPILATION_MODE = wholemodule;
				SWIFT_OPTIMIZATION_LEVEL = "-O";
				VALIDATE_PRODUCT = YES;
			};
			name = Release;
		};
		74DABC3C21352FF200A29C72 /* Debug */ = {
			isa = XCBuildConfiguration;
			buildSettings = {
				ASSETCATALOG_COMPILER_APPICON_NAME = AppIcon;
				CODE_SIGN_STYLE = Automatic;
				DEVELOPMENT_TEAM = D7MUPEDXF8;
				INFOPLIST_FILE = Chart/Info.plist;
				LD_RUNPATH_SEARCH_PATHS = (
					"$(inherited)",
					"@executable_path/Frameworks",
				);
				PRODUCT_BUNDLE_IDENTIFIER = "konrad-piekos.Chart";
				PRODUCT_NAME = "$(TARGET_NAME)";
				SWIFT_VERSION = 4.0;
				TARGETED_DEVICE_FAMILY = "1,2";
			};
			name = Debug;
		};
		74DABC3D21352FF200A29C72 /* Release */ = {
			isa = XCBuildConfiguration;
			buildSettings = {
				ASSETCATALOG_COMPILER_APPICON_NAME = AppIcon;
				CODE_SIGN_STYLE = Automatic;
				DEVELOPMENT_TEAM = D7MUPEDXF8;
				INFOPLIST_FILE = Chart/Info.plist;
				LD_RUNPATH_SEARCH_PATHS = (
					"$(inherited)",
					"@executable_path/Frameworks",
				);
				PRODUCT_BUNDLE_IDENTIFIER = "konrad-piekos.Chart";
				PRODUCT_NAME = "$(TARGET_NAME)";
				SWIFT_VERSION = 4.0;
				TARGETED_DEVICE_FAMILY = "1,2";
			};
			name = Release;
		};
		74DABC3F21352FF200A29C72 /* Debug */ = {
			isa = XCBuildConfiguration;
			buildSettings = {
				ALWAYS_EMBED_SWIFT_STANDARD_LIBRARIES = YES;
				BUNDLE_LOADER = "$(TEST_HOST)";
				CODE_SIGN_STYLE = Automatic;
				DEVELOPMENT_TEAM = D7MUPEDXF8;
				INFOPLIST_FILE = ChartTests/Info.plist;
				LD_RUNPATH_SEARCH_PATHS = (
					"$(inherited)",
					"@executable_path/Frameworks",
					"@loader_path/Frameworks",
				);
				PRODUCT_BUNDLE_IDENTIFIER = "konrad-piekos.ChartTests";
				PRODUCT_NAME = "$(TARGET_NAME)";
				SWIFT_VERSION = 4.0;
				TARGETED_DEVICE_FAMILY = "1,2";
				TEST_HOST = "$(BUILT_PRODUCTS_DIR)/Chart.app/Chart";
			};
			name = Debug;
		};
		74DABC4021352FF200A29C72 /* Release */ = {
			isa = XCBuildConfiguration;
			buildSettings = {
				ALWAYS_EMBED_SWIFT_STANDARD_LIBRARIES = YES;
				BUNDLE_LOADER = "$(TEST_HOST)";
				CODE_SIGN_STYLE = Automatic;
				DEVELOPMENT_TEAM = D7MUPEDXF8;
				INFOPLIST_FILE = ChartTests/Info.plist;
				LD_RUNPATH_SEARCH_PATHS = (
					"$(inherited)",
					"@executable_path/Frameworks",
					"@loader_path/Frameworks",
				);
				PRODUCT_BUNDLE_IDENTIFIER = "konrad-piekos.ChartTests";
				PRODUCT_NAME = "$(TARGET_NAME)";
				SWIFT_VERSION = 4.0;
				TARGETED_DEVICE_FAMILY = "1,2";
				TEST_HOST = "$(BUILT_PRODUCTS_DIR)/Chart.app/Chart";
			};
			name = Release;
		};
		74DABC4221352FF200A29C72 /* Debug */ = {
			isa = XCBuildConfiguration;
			buildSettings = {
				ALWAYS_EMBED_SWIFT_STANDARD_LIBRARIES = YES;
				CODE_SIGN_STYLE = Automatic;
				DEVELOPMENT_TEAM = D7MUPEDXF8;
				INFOPLIST_FILE = ChartUITests/Info.plist;
				LD_RUNPATH_SEARCH_PATHS = (
					"$(inherited)",
					"@executable_path/Frameworks",
					"@loader_path/Frameworks",
				);
				PRODUCT_BUNDLE_IDENTIFIER = "konrad-piekos.ChartUITests";
				PRODUCT_NAME = "$(TARGET_NAME)";
				SWIFT_VERSION = 4.0;
				TARGETED_DEVICE_FAMILY = "1,2";
				TEST_TARGET_NAME = Chart;
			};
			name = Debug;
		};
		74DABC4321352FF200A29C72 /* Release */ = {
			isa = XCBuildConfiguration;
			buildSettings = {
				ALWAYS_EMBED_SWIFT_STANDARD_LIBRARIES = YES;
				CODE_SIGN_STYLE = Automatic;
				DEVELOPMENT_TEAM = D7MUPEDXF8;
				INFOPLIST_FILE = ChartUITests/Info.plist;
				LD_RUNPATH_SEARCH_PATHS = (
					"$(inherited)",
					"@executable_path/Frameworks",
					"@loader_path/Frameworks",
				);
				PRODUCT_BUNDLE_IDENTIFIER = "konrad-piekos.ChartUITests";
				PRODUCT_NAME = "$(TARGET_NAME)";
				SWIFT_VERSION = 4.0;
				TARGETED_DEVICE_FAMILY = "1,2";
				TEST_TARGET_NAME = Chart;
			};
			name = Release;
		};
/* End XCBuildConfiguration section */

/* Begin XCConfigurationList section */
		74DABC0E21352FF000A29C72 /* Build configuration list for PBXProject "Chart" */ = {
			isa = XCConfigurationList;
			buildConfigurations = (
				74DABC3921352FF200A29C72 /* Debug */,
				74DABC3A21352FF200A29C72 /* Release */,
			);
			defaultConfigurationIsVisible = 0;
			defaultConfigurationName = Release;
		};
		74DABC3B21352FF200A29C72 /* Build configuration list for PBXNativeTarget "Chart" */ = {
			isa = XCConfigurationList;
			buildConfigurations = (
				74DABC3C21352FF200A29C72 /* Debug */,
				74DABC3D21352FF200A29C72 /* Release */,
			);
			defaultConfigurationIsVisible = 0;
			defaultConfigurationName = Release;
		};
		74DABC3E21352FF200A29C72 /* Build configuration list for PBXNativeTarget "ChartTests" */ = {
			isa = XCConfigurationList;
			buildConfigurations = (
				74DABC3F21352FF200A29C72 /* Debug */,
				74DABC4021352FF200A29C72 /* Release */,
			);
			defaultConfigurationIsVisible = 0;
			defaultConfigurationName = Release;
		};
		74DABC4121352FF200A29C72 /* Build configuration list for PBXNativeTarget "ChartUITests" */ = {
			isa = XCConfigurationList;
			buildConfigurations = (
				74DABC4221352FF200A29C72 /* Debug */,
				74DABC4321352FF200A29C72 /* Release */,
			);
			defaultConfigurationIsVisible = 0;
			defaultConfigurationName = Release;
		};
/* End XCConfigurationList section */
	};
	rootObject = 74DABC0B21352FF000A29C72 /* Project object */;
}
